{
  "name": "node-thermal-printer",
  "version": "4.1.2",
  "lockfileVersion": 1,
  "requires": true,
  "dependencies": {
    "@types/node": {
      "version": "10.17.60",
      "resolved": "https://registry.npmjs.org/@types/node/-/node-10.17.60.tgz",
      "integrity": "sha512-F0KIgDJfy2nA3zMLmWGKxcH2ZVEtCZXHHdOQs2gSaQ27+lNeEfGxzkIw90aXswATX7AZ33tahPbzy6KAfUreVw==",
      "dev": true
    },
    "dank-do-while": {
      "version": "0.1.2",
      "resolved": "https://registry.npmjs.org/dank-do-while/-/dank-do-while-0.1.2.tgz",
      "integrity": "sha1-gZslk3uXd2V7VvUXKthWWW/NDIQ="
    },
    "iconv-lite": {
      "version": "0.5.0",
      "resolved": "https://registry.npmjs.org/iconv-lite/-/iconv-lite-0.5.0.tgz",
      "integrity": "sha512-NnEhI9hIEKHOzJ4f697DMz9IQEXr/MMJ5w64vN2/4Ai+wRnvV7SBrL0KLoRlwaKVghOc7LQ5YkPLuX146b6Ydw==",
      "requires": {
        "safer-buffer": ">= 2.1.2 < 3"
      }
    },
    "pngjs": {
      "version": "3.3.3",
      "resolved": "https://registry.npmjs.org/pngjs/-/pngjs-3.3.3.tgz",
      "integrity": "sha512-1n3Z4p3IOxArEs1VRXnZ/RXdfEniAUS9jb68g58FIXMNkPJeZd+Qh4Uq7/e0LVxAQGos1eIUrqrt4FpjdnEd+Q=="
    },
    "safer-buffer": {
      "version": "2.1.2",
      "resolved": "https://registry.npmjs.org/safer-buffer/-/safer-buffer-2.1.2.tgz",
      "integrity": "sha512-YZo3K82SD7Riyi0E1EQPojLz7kpepnSQI9IyPbHHg1XXXevb5dJI7tpyN2ADxGcQbHG7vcyRHk0cbwqcQriUtg=="
    },
    "unorm": {
      "version": "1.4.1",
      "resolved": "https://registry.npmjs.org/unorm/-/unorm-1.4.1.tgz",
      "integrity": "sha1-NkIA1fE2RsqLzURJAnEzVhR5IwA="
    },
    "write-file-queue": {
      "version": "0.0.1",
      "resolved": "https://registry.npmjs.org/write-file-queue/-/write-file-queue-0.0.1.tgz",
      "integrity": "sha1-N2T2FEUYBulhLJabdw2DCmqBFek=",
      "requires": {
        "dank-do-while": "^0.1.2"
      }
    }
  }
}
